{
  "name": "type-stall-repo",
  "version": "1.0.0",
  "lockfileVersion": 3,
  "requires": true,
  "packages": {
    "": {
      "name": "type-stall-repo",
      "version": "1.0.0",
      "license": "ISC",
      "dependencies": {
        "@ts-rest/core": "^3.53.0-rc.1",
        "luxon": "^3.7.1",
        "zod": "^4.1.5"
      },
      "devDependencies": {
        "@types/luxon": "^3.7.1",
        "@typescript/native-preview": "^7.0.0-dev.20250904.1",
        "typescript": "^5.9.2"
      }
    },
    "node_modules/@ts-rest/core": {
      "version": "3.53.0-rc.1",
      "resolved": "https://registry.npmjs.org/@ts-rest/core/-/core-3.53.0-rc.1.tgz",
      "integrity": "sha512-hDMXqKHSys6w+kXFW1Q6EvN8QgRvtXKXJ2TpYByKI4TquaPjiTOv99aLD26X4LNRzdna8Ci1PVyzr0jYZv0oNQ==",
      "license": "MIT",
      "peerDependencies": {
        "@types/node": "^18.18.7 || >=20.8.4"
      },
      "peerDependenciesMeta": {
        "@types/node": {
          "optional": true
        }
      }
    },
    "node_modules/@types/luxon": {
      "version": "3.7.1",
      "resolved": "https://registry.npmjs.org/@types/luxon/-/luxon-3.7.1.tgz",
      "integrity": "sha512-H3iskjFIAn5SlJU7OuxUmTEpebK6TKB8rxZShDslBMZJ5u9S//KM1sbdAisiSrqwLQncVjnpi2OK2J51h+4lsg==",
      "dev": true,
      "license": "MIT"
    },
    "node_modules/@typescript/native-preview": {
      "version": "7.0.0-dev.20250904.1",
      "resolved": "https://registry.npmjs.org/@typescript/native-preview/-/native-preview-7.0.0-dev.20250904.1.tgz",
      "integrity": "sha512-IzPzhumNsWsIg4Kmt0y+0b2BBtsvD17rDmKj78yNeU3AsuA6xignQ5eDkFtRmLdGPVZwa8Yg5zPcJRFln98Ocw==",
      "dev": true,
      "license": "Apache-2.0",
      "bin": {
        "tsgo": "bin/tsgo.js"
      },
      "engines": {
        "node": ">=20.6.0"
      },
      "optionalDependencies": {
        "@typescript/native-preview-darwin-arm64": "7.0.0-dev.20250904.1",
        "@typescript/native-preview-darwin-x64": "7.0.0-dev.20250904.1",
        "@typescript/native-preview-linux-arm": "7.0.0-dev.20250904.1",
        "@typescript/native-preview-linux-arm64": "7.0.0-dev.20250904.1",
        "@typescript/native-preview-linux-x64": "7.0.0-dev.20250904.1",
        "@typescript/native-preview-win32-arm64": "7.0.0-dev.20250904.1",
        "@typescript/native-preview-win32-x64": "7.0.0-dev.20250904.1"
      }
    },
    "node_modules/@typescript/native-preview-darwin-arm64": {
      "version": "7.0.0-dev.20250904.1",
      "resolved": "https://registry.npmjs.org/@typescript/native-preview-darwin-arm64/-/native-preview-darwin-arm64-7.0.0-dev.20250904.1.tgz",
      "integrity": "sha512-1rt4DhERW1VM4OwWYVIrCp1k1S4kpZAxzbCnprNinVJInhHexY2K0FFD9IGXKWSRANHg/OmJRQYTEoDKM6pqNw==",
      "cpu": [
        "arm64"
      ],
      "dev": true,
      "license": "Apache-2.0",
      "optional": true,
      "os": [
        "darwin"
      ],
      "engines": {
        "node": ">=20.6.0"
      }
    },
    "node_modules/@typescript/native-preview-darwin-x64": {
      "version": "7.0.0-dev.20250904.1",
      "resolved": "https://registry.npmjs.org/@typescript/native-preview-darwin-x64/-/native-preview-darwin-x64-7.0.0-dev.20250904.1.tgz",
      "integrity": "sha512-d2DMQnsXAkZDDk9bU/FhY/D74tbMAkboIGb+hq7kIIgOVcxOswhwLFZ/ajW/9NTesktz8Z14t40Ber+/Pny25A==",
      "cpu": [
        "x64"
      ],
      "dev": true,
      "license": "Apache-2.0",
      "optional": true,
      "os": [
        "darwin"
      ],
      "engines": {
        "node": ">=20.6.0"
      }
    },
    "node_modules/@typescript/native-preview-linux-arm": {
      "version": "7.0.0-dev.20250904.1",
      "resolved": "https://registry.npmjs.org/@typescript/native-preview-linux-arm/-/native-preview-linux-arm-7.0.0-dev.20250904.1.tgz",
      "integrity": "sha512-YyfTK1SGmfeDJv6G3vSmVxjM914Xio7O57NzRKOyEQnmBT5tdXTzeWgkjrUh1jE8wCUu0f0ZZ+xDTwgys+E2ug==",
      "cpu": [
        "arm"
      ],
      "dev": true,
      "license": "Apache-2.0",
      "optional": true,
      "os": [
        "linux"
      ],
      "engines": {
        "node": ">=20.6.0"
      }
    },
    "node_modules/@typescript/native-preview-linux-arm64": {
      "version": "7.0.0-dev.20250904.1",
      "resolved": "https://registry.npmjs.org/@typescript/native-preview-linux-arm64/-/native-preview-linux-arm64-7.0.0-dev.20250904.1.tgz",
      "integrity": "sha512-+fv13RDSk+7wFYY846q5ig7X6G07JT7wbajk6p4rELXTIfS1c6gRHGhODETCfFVaPziP4IlvqyinNP8F8wc9uQ==",
      "cpu": [
        "arm64"
      ],
      "dev": true,
      "license": "Apache-2.0",
      "optional": true,
      "os": [
        "linux"
      ],
      "engines": {
        "node": ">=20.6.0"
      }
    },
    "node_modules/@typescript/native-preview-linux-x64": {
      "version": "7.0.0-dev.20250904.1",
      "resolved": "https://registry.npmjs.org/@typescript/native-preview-linux-x64/-/native-preview-linux-x64-7.0.0-dev.20250904.1.tgz",
      "integrity": "sha512-BjWJI42cUUilIyQHZpQQeSjC/Ifj/UaIf4oj6lRHDcg5qgLHWe5bAUxuNjE6i7wi+TTN9YxUvBDkMAcm/hI8wg==",
      "cpu": [
        "x64"
      ],
      "dev": true,
      "license": "Apache-2.0",
      "optional": true,
      "os": [
        "linux"
      ],
      "engines": {
        "node": ">=20.6.0"
      }
    },
    "node_modules/@typescript/native-preview-win32-arm64": {
      "version": "7.0.0-dev.20250904.1",
      "resolved": "https://registry.npmjs.org/@typescript/native-preview-win32-arm64/-/native-preview-win32-arm64-7.0.0-dev.20250904.1.tgz",
      "integrity": "sha512-rPv/mVaneZTuFESk/zDg3dFiZjpdipVMcLaF10Ns1fIyWdZ0ja79Ufm1eCFbk8KFNEX2dEx+vFEvD9n4bhEneg==",
      "cpu": [
        "arm64"
      ],
      "dev": true,
      "license": "Apache-2.0",
      "optional": true,
      "os": [
        "win32"
      ],
      "engines": {
        "node": ">=20.6.0"
      }
    },
    "node_modules/@typescript/native-preview-win32-x64": {
      "version": "7.0.0-dev.20250904.1",
      "resolved": "https://registry.npmjs.org/@typescript/native-preview-win32-x64/-/native-preview-win32-x64-7.0.0-dev.20250904.1.tgz",
      "integrity": "sha512-+twwqKYEv5UdZX5FRaBo0bDQgw/uPQjU3hqaqaO0Dhp1Ou8Ce4oi5hgwauB1j29JwBbvOi9/yoEcjsjT2Wsaxw==",
      "cpu": [
        "x64"
      ],
      "dev": true,
      "license": "Apache-2.0",
      "optional": true,
      "os": [
        "win32"
      ],
      "engines": {
        "node": ">=20.6.0"
      }
    },
    "node_modules/luxon": {
      "version": "3.7.1",
      "resolved": "https://registry.npmjs.org/luxon/-/luxon-3.7.1.tgz",
      "integrity": "sha512-RkRWjA926cTvz5rAb1BqyWkKbbjzCGchDUIKMCUvNi17j6f6j8uHGDV82Aqcqtzd+icoYpELmG3ksgGiFNNcNg==",
      "license": "MIT",
      "engines": {
        "node": ">=12"
      }
    },
    "node_modules/typescript": {
      "version": "5.9.2",
      "resolved": "https://registry.npmjs.org/typescript/-/typescript-5.9.2.tgz",
      "integrity": "sha512-CWBzXQrc/qOkhidw1OzBTQuYRbfyxDXJMVJ1XNwUHGROVmuaeiEm3OslpZ1RV96d7SKKjZKrSJu3+t/xlw3R9A==",
      "dev": true,
      "license": "Apache-2.0",
      "bin": {
        "tsc": "bin/tsc",
        "tsserver": "bin/tsserver"
      },
      "engines": {
        "node": ">=14.17"
      }
    },
    "node_modules/zod": {
      "version": "4.1.5",
      "resolved": "https://registry.npmjs.org/zod/-/zod-4.1.5.tgz",
      "integrity": "sha512-rcUUZqlLJgBC33IT3PNMgsCq6TzLQEG/Ei/KTCU0PedSWRMAXoOUN+4t/0H+Q8bdnLPdqUYnvboJT0bn/229qg==",
      "license": "MIT",
      "funding": {
        "url": "https://github.com/sponsors/colinhacks"
      }
    }
  }
}
